// !$*UTF8*$!
{
	archiveVersion = 1;
	classes = {
	};
	objectVersion = 46;
	objects = {

/* Begin PBXBuildFile section */
		846884991CC0B2CB00E6B447 /* main.m in Sources */ = {isa = PBXBuildFile; fileRef = 846884981CC0B2CB00E6B447 /* main.m */; };
		8468849C1CC0B2CB00E6B447 /* AppDelegate.m in Sources */ = {isa = PBXBuildFile; fileRef = 8468849B1CC0B2CB00E6B447 /* AppDelegate.m */; };
		8468849F1CC0B2CB00E6B447 /* ViewController.m in Sources */ = {isa = PBXBuildFile; fileRef = 8468849E1CC0B2CB00E6B447 /* ViewController.m */; };
		846884A21CC0B2CB00E6B447 /* Main.storyboard in Resources */ = {isa = PBXBuildFile; fileRef = 846884A01CC0B2CB00E6B447 /* Main.storyboard */; };
		846884A51CC0B2CB00E6B447 /* test2.xcdatamodeld in Sources */ = {isa = PBXBuildFile; fileRef = 846884A31CC0B2CB00E6B447 /* test2.xcdatamodeld */; };
		846884A71CC0B2CB00E6B447 /* Assets.xcassets in Resources */ = {isa = PBXBuildFile; fileRef = 846884A61CC0B2CB00E6B447 /* Assets.xcassets */; };
		846884AA1CC0B2CB00E6B447 /* LaunchScreen.storyboard in Resources */ = {isa = PBXBuildFile; fileRef = 846884A81CC0B2CB00E6B447 /* LaunchScreen.storyboard */; };
		846884B51CC0B2CB00E6B447 /* test2Tests.m in Sources */ = {isa = PBXBuildFile; fileRef = 846884B41CC0B2CB00E6B447 /* test2Tests.m */; };
		846884C01CC0B2CB00E6B447 /* test2UITests.m in Sources */ = {isa = PBXBuildFile; fileRef = 846884BF1CC0B2CB00E6B447 /* test2UITests.m */; };
/* End PBXBuildFile section */

/* Begin PBXContainerItemProxy section */
		846884B11CC0B2CB00E6B447 /* PBXContainerItemProxy */ = {
			isa = PBXContainerItemProxy;
			containerPortal = 8468848C1CC0B2CB00E6B447 /* Project object */;
			proxyType = 1;
			remoteGlobalIDString = 846884931CC0B2CB00E6B447;
			remoteInfo = test2;
		};
		846884BC1CC0B2CB00E6B447 /* PBXContainerItemProxy */ = {
			isa = PBXContainerItemProxy;
			containerPortal = 8468848C1CC0B2CB00E6B447 /* Project object */;
			proxyType = 1;
			remoteGlobalIDString = 846884931CC0B2CB00E6B447;
			remoteInfo = test2;
		};
/* End PBXContainerItemProxy section */

/* Begin PBXFileReference section */
		846884941CC0B2CB00E6B447 /* test2.app */ = {isa = PBXFileReference; explicitFileType = wrapper.application; includeInIndex = 0; path = test2.app; sourceTree = BUILT_PRODUCTS_DIR; };
		846884981CC0B2CB00E6B447 /* main.m */ = {isa = PBXFileReference; lastKnownFileType = sourcecode.c.objc; path = main.m; sourceTree = "<group>"; };
		8468849A1CC0B2CB00E6B447 /* AppDelegate.h */ = {isa = PBXFileReference; lastKnownFileType = sourcecode.c.h; path = AppDelegate.h; sourceTree = "<group>"; };
		8468849B1CC0B2CB00E6B447 /* AppDelegate.m */ = {isa = PBXFileReference; lastKnownFileType = sourcecode.c.objc; path = AppDelegate.m; sourceTree = "<group>"; };
		8468849D1CC0B2CB00E6B447 /* ViewController.h */ = {isa = PBXFileReference; lastKnownFileType = sourcecode.c.h; path = ViewController.h; sourceTree = "<group>"; };
		8468849E1CC0B2CB00E6B447 /* ViewController.m */ = {isa = PBXFileReference; lastKnownFileType = sourcecode.c.objc; path = ViewController.m; sourceTree = "<group>"; };
		846884A11CC0B2CB00E6B447 /* Base */ = {isa = PBXFileReference; lastKnownFileType = file.storyboard; name = Base; path = Base.lproj/Main.storyboard; sourceTree = "<group>"; };
		846884A41CC0B2CB00E6B447 /* test2.xcdatamodel */ = {isa = PBXFileReference; lastKnownFileType = wrapper.xcdatamodel; path = test2.xcdatamodel; sourceTree = "<group>"; };
		846884A61CC0B2CB00E6B447 /* Assets.xcassets */ = {isa = PBXFileReference; lastKnownFileType = folder.assetcatalog; path = Assets.xcassets; sourceTree = "<group>"; };
		846884A91CC0B2CB00E6B447 /* Base */ = {isa = PBXFileReference; lastKnownFileType = file.storyboard; name = Base; path = Base.lproj/LaunchScreen.storyboard; sourceTree = "<group>"; };
		846884AB1CC0B2CB00E6B447 /* Info.plist */ = {isa = PBXFileReference; lastKnownFileType = text.plist.xml; path = Info.plist; sourceTree = "<group>"; };
		846884B01CC0B2CB00E6B447 /* test2Tests.xctest */ = {isa = PBXFileReference; explicitFileType = wrapper.cfbundle; includeInIndex = 0; path = test2Tests.xctest; sourceTree = BUILT_PRODUCTS_DIR; };
		846884B41CC0B2CB00E6B447 /* test2Tests.m */ = {isa = PBXFileReference; lastKnownFileType = sourcecode.c.objc; path = test2Tests.m; sourceTree = "<group>"; };
		846884B61CC0B2CB00E6B447 /* Info.plist */ = {isa = PBXFileReference; lastKnownFileType = text.plist.xml; path = Info.plist; sourceTree = "<group>"; };
		846884BB1CC0B2CB00E6B447 /* test2UITests.xctest */ = {isa = PBXFileReference; explicitFileType = wrapper.cfbundle; includeInIndex = 0; path = test2UITests.xctest; sourceTree = BUILT_PRODUCTS_DIR; };
		846884BF1CC0B2CB00E6B447 /* test2UITests.m */ = {isa = PBXFileReference; lastKnownFileType = sourcecode.c.objc; path = test2UITests.m; sourceTree = "<group>"; };
		846884C11CC0B2CB00E6B447 /* Info.plist */ = {isa = PBXFileReference; lastKnownFileType = text.plist.xml; path = Info.plist; sourceTree = "<group>"; };
/* End PBXFileReference section */

/* Begin PBXFrameworksBuildPhase section */
		846884911CC0B2CB00E6B447 /* Frameworks */ = {
			isa = PBXFrameworksBuildPhase;
			buildActionMask = 2147483647;
			files = (
			);
			runOnlyForDeploymentPostprocessing = 0;
		};
		846884AD1CC0B2CB00E6B447 /* Frameworks */ = {
			isa = PBXFrameworksBuildPhase;
			buildActionMask = 2147483647;
			files = (
			);
			runOnlyForDeploymentPostprocessing = 0;
		};
		846884B81CC0B2CB00E6B447 /* Frameworks */ = {
			isa = PBXFrameworksBuildPhase;
			buildActionMask = 2147483647;
			files = (
			);
			runOnlyForDeploymentPostprocessing = 0;
		};
/* End PBXFrameworksBuildPhase section */

/* Begin PBXGroup section */
		8468848B1CC0B2CB00E6B447 = {
			isa = PBXGroup;
			children = (
				846884961CC0B2CB00E6B447 /* test2 */,
				846884B31CC0B2CB00E6B447 /* test2Tests */,
				846884BE1CC0B2CB00E6B447 /* test2UITests */,
				846884951CC0B2CB00E6B447 /* Products */,
			);
			sourceTree = "<group>";
		};
		846884951CC0B2CB00E6B447 /* Products */ = {
			isa = PBXGroup;
			children = (
				846884941CC0B2CB00E6B447 /* test2.app */,
				846884B01CC0B2CB00E6B447 /* test2Tests.xctest */,
				846884BB1CC0B2CB00E6B447 /* test2UITests.xctest */,
			);
			name = Products;
			sourceTree = "<group>";
		};
		846884961CC0B2CB00E6B447 /* test2 */ = {
			isa = PBXGroup;
			children = (
				8468849A1CC0B2CB00E6B447 /* AppDelegate.h */,
				8468849B1CC0B2CB00E6B447 /* AppDelegate.m */,
				8468849D1CC0B2CB00E6B447 /* ViewController.h */,
				8468849E1CC0B2CB00E6B447 /* ViewController.m */,
				846884A01CC0B2CB00E6B447 /* Main.storyboard */,
				846884A61CC0B2CB00E6B447 /* Assets.xcassets */,
				846884A81CC0B2CB00E6B447 /* LaunchScreen.storyboard */,
				846884AB1CC0B2CB00E6B447 /* Info.plist */,
				846884A31CC0B2CB00E6B447 /* test2.xcdatamodeld */,
				846884971CC0B2CB00E6B447 /* Supporting Files */,
			);
			path = test2;
			sourceTree = "<group>";
		};
		846884971CC0B2CB00E6B447 /* Supporting Files */ = {
			isa = PBXGroup;
			children = (
				846884981CC0B2CB00E6B447 /* main.m */,
			);
			name = "Supporting Files";
			sourceTree = "<group>";
		};
		846884B31CC0B2CB00E6B447 /* test2Tests */ = {
			isa = PBXGroup;
			children = (
				846884B41CC0B2CB00E6B447 /* test2Tests.m */,
				846884B61CC0B2CB00E6B447 /* Info.plist */,
			);
			path = test2Tests;
			sourceTree = "<group>";
		};
		846884BE1CC0B2CB00E6B447 /* test2UITests */ = {
			isa = PBXGroup;
			children = (
				846884BF1CC0B2CB00E6B447 /* test2UITests.m */,
				846884C11CC0B2CB00E6B447 /* Info.plist */,
			);
			path = test2UITests;
			sourceTree = "<group>";
		};
/* End PBXGroup section */

/* Begin PBXNativeTarget section */
		846884931CC0B2CB00E6B447 /* test2 */ = {
			isa = PBXNativeTarget;
			buildConfigurationList = 846884C41CC0B2CB00E6B447 /* Build configuration list for PBXNativeTarget "test2" */;
			buildPhases = (
				846884901CC0B2CB00E6B447 /* Sources */,
				846884911CC0B2CB00E6B447 /* Frameworks */,
				846884921CC0B2CB00E6B447 /* Resources */,
			);
			buildRules = (
			);
			dependencies = (
			);
			name = test2;
			productName = test2;
			productReference = 846884941CC0B2CB00E6B447 /* test2.app */;
			productType = "com.apple.product-type.application";
		};
		846884AF1CC0B2CB00E6B447 /* test2Tests */ = {
			isa = PBXNativeTarget;
			buildConfigurationList = 846884C71CC0B2CB00E6B447 /* Build configuration list for PBXNativeTarget "test2Tests" */;
			buildPhases = (
				846884AC1CC0B2CB00E6B447 /* Sources */,
				846884AD1CC0B2CB00E6B447 /* Frameworks */,
				846884AE1CC0B2CB00E6B447 /* Resources */,
			);
			buildRules = (
			);
			dependencies = (
				846884B21CC0B2CB00E6B447 /* PBXTargetDependency */,
			);
			name = test2Tests;
			productName = test2Tests;
			productReference = 846884B01CC0B2CB00E6B447 /* test2Tests.xctest */;
			productType = "com.apple.product-type.bundle.unit-test";
		};
		846884BA1CC0B2CB00E6B447 /* test2UITests */ = {
			isa = PBXNativeTarget;
			buildConfigurationList = 846884CA1CC0B2CB00E6B447 /* Build configuration list for PBXNativeTarget "test2UITests" */;
			buildPhases = (
				846884B71CC0B2CB00E6B447 /* Sources */,
				846884B81CC0B2CB00E6B447 /* Frameworks */,
				846884B91CC0B2CB00E6B447 /* Resources */,
			);
			buildRules = (
			);
			dependencies = (
				846884BD1CC0B2CB00E6B447 /* PBXTargetDependency */,
			);
			name = test2UITests;
			productName = test2UITests;
			productReference = 846884BB1CC0B2CB00E6B447 /* test2UITests.xctest */;
			productType = "com.apple.product-type.bundle.ui-testing";
		};
/* End PBXNativeTarget section */

/* Begin PBXProject section */
		8468848C1CC0B2CB00E6B447 /* Project object */ = {
			isa = PBXProject;
			attributes = {
				LastUpgradeCheck = 0730;
				ORGANIZATIONNAME = Admin;
				TargetAttributes = {
					846884931CC0B2CB00E6B447 = {
						CreatedOnToolsVersion = 7.3;
					};
					846884AF1CC0B2CB00E6B447 = {
						CreatedOnToolsVersion = 7.3;
						TestTargetID = 846884931CC0B2CB00E6B447;
					};
					846884BA1CC0B2CB00E6B447 = {
						CreatedOnToolsVersion = 7.3;
						TestTargetID = 846884931CC0B2CB00E6B447;
					};
				};
			};
			buildConfigurationList = 8468848F1CC0B2CB00E6B447 /* Build configuration list for PBXProject "test2" */;
			compatibilityVersion = "Xcode 3.2";
			developmentRegion = English;
			hasScannedForEncodings = 0;
			knownRegions = (
				en,
				Base,
			);
			mainGroup = 8468848B1CC0B2CB00E6B447;
			productRefGroup = 846884951CC0B2CB00E6B447 /* Products */;
			projectDirPath = "";
			projectRoot = "";
			targets = (
				846884931CC0B2CB00E6B447 /* test2 */,
				846884AF1CC0B2CB00E6B447 /* test2Tests */,
				846884BA1CC0B2CB00E6B447 /* test2UITests */,
			);
		};
/* End PBXProject section */

/* Begin PBXResourcesBuildPhase section */
		846884921CC0B2CB00E6B447 /* Resources */ = {
			isa = PBXResourcesBuildPhase;
			buildActionMask = 2147483647;
			files = (
				846884AA1CC0B2CB00E6B447 /* LaunchScreen.storyboard in Resources */,
				846884A71CC0B2CB00E6B447 /* Assets.xcassets in Resources */,
				846884A21CC0B2CB00E6B447 /* Main.storyboard in Resources */,
			);
			runOnlyForDeploymentPostprocessing = 0;
		};
		846884AE1CC0B2CB00E6B447 /* Resources */ = {
			isa = PBXResourcesBuildPhase;
			buildActionMask = 2147483647;
			files = (
			);
			runOnlyForDeploymentPostprocessing = 0;
		};
		846884B91CC0B2CB00E6B447 /* Resources */ = {
			isa = PBXResourcesBuildPhase;
			buildActionMask = 2147483647;
			files = (
			);
			runOnlyForDeploymentPostprocessing = 0;
		};
/* End PBXResourcesBuildPhase section */

/* Begin PBXSourcesBuildPhase section */
		846884901CC0B2CB00E6B447 /* Sources */ = {
			isa = PBXSourcesBuildPhase;
			buildActionMask = 2147483647;
			files = (
				846884A51CC0B2CB00E6B447 /* test2.xcdatamodeld in Sources */,
				8468849F1CC0B2CB00E6B447 /* ViewController.m in Sources */,
				8468849C1CC0B2CB00E6B447 /* AppDelegate.m in Sources */,
				846884991CC0B2CB00E6B447 /* main.m in Sources */,
			);
			runOnlyForDeploymentPostprocessing = 0;
		};
		846884AC1CC0B2CB00E6B447 /* Sources */ = {
			isa = PBXSourcesBuildPhase;
			buildActionMask = 2147483647;
			files = (
				846884B51CC0B2CB00E6B447 /* test2Tests.m in Sources */,
			);
			runOnlyForDeploymentPostprocessing = 0;
		};
		846884B71CC0B2CB00E6B447 /* Sources */ = {
			isa = PBXSourcesBuildPhase;
			buildActionMask = 2147483647;
			files = (
				846884C01CC0B2CB00E6B447 /* test2UITests.m in Sources */,
			);
			runOnlyForDeploymentPostprocessing = 0;
		};
/* End PBXSourcesBuildPhase section */

/* Begin PBXTargetDependency section */
		846884B21CC0B2CB00E6B447 /* PBXTargetDependency */ = {
			isa = PBXTargetDependency;
			target = 846884931CC0B2CB00E6B447 /* test2 */;
			targetProxy = 846884B11CC0B2CB00E6B447 /* PBXContainerItemProxy */;
		};
		846884BD1CC0B2CB00E6B447 /* PBXTargetDependency */ = {
			isa = PBXTargetDependency;
			target = 846884931CC0B2CB00E6B447 /* test2 */;
			targetProxy = 846884BC1CC0B2CB00E6B447 /* PBXContainerItemProxy */;
		};
/* End PBXTargetDependency section */

/* Begin PBXVariantGroup section */
		846884A01CC0B2CB00E6B447 /* Main.storyboard */ = {
			isa = PBXVariantGroup;
			children = (
				846884A11CC0B2CB00E6B447 /* Base */,
			);
			name = Main.storyboard;
			sourceTree = "<group>";
		};
		846884A81CC0B2CB00E6B447 /* LaunchScreen.storyboard */ = {
			isa = PBXVariantGroup;
			children = (
				846884A91CC0B2CB00E6B447 /* Base */,
			);
			name = LaunchScreen.storyboard;
			sourceTree = "<group>";
		};
/* End PBXVariantGroup section */

/* Begin XCBuildConfiguration section */
		846884C21CC0B2CB00E6B447 /* Debug */ = {
			isa = XCBuildConfiguration;
			buildSettings = {
				ALWAYS_SEARCH_USER_PATHS = NO;
				CLANG_ANALYZER_NONNULL = YES;
				CLANG_CXX_LANGUAGE_STANDARD = "gnu++0x";
				CLANG_CXX_LIBRARY = "libc++";
				CLANG_ENABLE_MODULES = YES;
				CLANG_ENABLE_OBJC_ARC = YES;
				CLANG_WARN_BOOL_CONVERSION = YES;
				CLANG_WARN_CONSTANT_CONVERSION = YES;
				CLANG_WARN_DIRECT_OBJC_ISA_USAGE = YES_ERROR;
				CLANG_WARN_EMPTY_BODY = YES;
				CLANG_WARN_ENUM_CONVERSION = YES;
				CLANG_WARN_INT_CONVERSION = YES;
				CLANG_WARN_OBJC_ROOT_CLASS = YES_ERROR;
				CLANG_WARN_UNREACHABLE_CODE = YES;
				CLANG_WARN__DUPLICATE_METHOD_MATCH = YES;
				"CODE_SIGN_IDENTITY[sdk=iphoneos*]" = "iPhone Developer";
				COPY_PHASE_STRIP = NO;
				DEBUG_INFORMATION_FORMAT = dwarf;
				ENABLE_STRICT_OBJC_MSGSEND = YES;
				ENABLE_TESTABILITY = YES;
				GCC_C_LANGUAGE_STANDARD = gnu99;
				GCC_DYNAMIC_NO_PIC = NO;
				GCC_NO_COMMON_BLOCKS = YES;
				GCC_OPTIMIZATION_LEVEL = 0;
				GCC_PREPROCESSOR_DEFINITIONS = (
					"DEBUG=1",
					"$(inherited)",
				);
				GCC_WARN_64_TO_32_BIT_CONVERSION = YES;
				GCC_WARN_ABOUT_RETURN_TYPE = YES_ERROR;
				GCC_WARN_UNDECLARED_SELECTOR = YES;
				GCC_WARN_UNINITIALIZED_AUTOS = YES_AGGRESSIVE;
				GCC_WARN_UNUSED_FUNCTION = YES;
				GCC_WARN_UNUSED_VARIABLE = YES;
				IPHONEOS_DEPLOYMENT_TARGET = 9.3;
				MTL_ENABLE_DEBUG_INFO = YES;
				ONLY_ACTIVE_ARCH = YES;
				SDKROOT = iphoneos;
				TARGETED_DEVICE_FAMILY = "1,2";
			};
			name = Debug;
		};
		846884C31CC0B2CB00E6B447 /* Release */ = {
			isa = XCBuildConfiguration;
			buildSettings = {
				ALWAYS_SEARCH_USER_PATHS = NO;
				CLANG_ANALYZER_NONNULL = YES;
				CLANG_CXX_LANGUAGE_STANDARD = "gnu++0x";
				CLANG_CXX_LIBRARY = "libc++";
				CLANG_ENABLE_MODULES = YES;
				CLANG_ENABLE_OBJC_ARC = YES;
				CLANG_WARN_BOOL_CONVERSION = YES;
				CLANG_WARN_CONSTANT_CONVERSION = YES;
				CLANG_WARN_DIRECT_OBJC_ISA_USAGE = YES_ERROR;
				CLANG_WARN_EMPTY_BODY = YES;
				CLANG_WARN_ENUM_CONVERSION = YES;
				CLANG_WARN_INT_CONVERSION = YES;
				CLANG_WARN_OBJC_ROOT_CLASS = YES_ERROR;
				CLANG_WARN_UNREACHABLE_CODE = YES;
				CLANG_WARN__DUPLICATE_METHOD_MATCH = YES;
				"CODE_SIGN_IDENTITY[sdk=iphoneos*]" = "iPhone Developer";
				COPY_PHASE_STRIP = NO;
				DEBUG_INFORMATION_FORMAT = "dwarf-with-dsym";
				ENABLE_NS_ASSERTIONS = NO;
				ENABLE_STRICT_OBJC_MSGSEND = YES;
				GCC_C_LANGUAGE_STANDARD = gnu99;
				GCC_NO_COMMON_BLOCKS = YES;
				GCC_WARN_64_TO_32_BIT_CONVERSION = YES;
				GCC_WARN_ABOUT_RETURN_TYPE = YES_ERROR;
				GCC_WARN_UNDECLARED_SELECTOR = YES;
				GCC_WARN_UNINITIALIZED_AUTOS = YES_AGGRESSIVE;
				GCC_WARN_UNUSED_FUNCTION = YES;
				GCC_WARN_UNUSED_VARIABLE = YES;
				IPHONEOS_DEPLOYMENT_TARGET = 9.3;
				MTL_ENABLE_DEBUG_INFO = NO;
				SDKROOT = iphoneos;
				TARGETED_DEVICE_FAMILY = "1,2";
				VALIDATE_PRODUCT = YES;
			};
			name = Release;
		};
		846884C51CC0B2CB00E6B447 /* Debug */ = {
			isa = XCBuildConfiguration;
			buildSettings = {
				ASSETCATALOG_COMPILER_APPICON_NAME = AppIcon;
				INFOPLIST_FILE = test2/Info.plist;
				LD_RUNPATH_SEARCH_PATHS = "$(inherited) @executable_path/Frameworks";
				PRODUCT_BUNDLE_IDENTIFIER = vinod.test2;
				PRODUCT_NAME = "$(TARGET_NAME)";
			};
			name = Debug;
		};
		846884C61CC0B2CB00E6B447 /* Release */ = {
			isa = XCBuildConfiguration;
			buildSettings = {
				ASSETCATALOG_COMPILER_APPICON_NAME = AppIcon;
				INFOPLIST_FILE = test2/Info.plist;
				LD_RUNPATH_SEARCH_PATHS = "$(inherited) @executable_path/Frameworks";
				PRODUCT_BUNDLE_IDENTIFIER = vinod.test2;
				PRODUCT_NAME = "$(TARGET_NAME)";
			};
			name = Release;
		};
		846884C81CC0B2CB00E6B447 /* Debug */ = {
			isa = XCBuildConfiguration;
			buildSettings = {
				BUNDLE_LOADER = "$(TEST_HOST)";
				INFOPLIST_FILE = test2Tests/Info.plist;
				LD_RUNPATH_SEARCH_PATHS = "$(inherited) @executable_path/Frameworks @loader_path/Frameworks";
				PRODUCT_BUNDLE_IDENTIFIER = vinod.test2Tests;
				PRODUCT_NAME = "$(TARGET_NAME)";
				TEST_HOST = "$(BUILT_PRODUCTS_DIR)/test2.app/test2";
			};
			name = Debug;
		};
		846884C91CC0B2CB00E6B447 /* Release */ = {
			isa = XCBuildConfiguration;
			buildSettings = {
				BUNDLE_LOADER = "$(TEST_HOST)";
				INFOPLIST_FILE = test2Tests/Info.plist;
				LD_RUNPATH_SEARCH_PATHS = "$(inherited) @executable_path/Frameworks @loader_path/Frameworks";
				PRODUCT_BUNDLE_IDENTIFIER = vinod.test2Tests;
				PRODUCT_NAME = "$(TARGET_NAME)";
				TEST_HOST = "$(BUILT_PRODUCTS_DIR)/test2.app/test2";
			};
			name = Release;
		};
		846884CB1CC0B2CB00E6B447 /* Debug */ = {
			isa = XCBuildConfiguration;
			buildSettings = {
				INFOPLIST_FILE = test2UITests/Info.plist;
				LD_RUNPATH_SEARCH_PATHS = "$(inherited) @executable_path/Frameworks @loader_path/Frameworks";
				PRODUCT_BUNDLE_IDENTIFIER = vinod.test2UITests;
				PRODUCT_NAME = "$(TARGET_NAME)";
				TEST_TARGET_NAME = test2;
			};
			name = Debug;
		};
		846884CC1CC0B2CB00E6B447 /* Release */ = {
			isa = XCBuildConfiguration;
			buildSettings = {
				INFOPLIST_FILE = test2UITests/Info.plist;
				LD_RUNPATH_SEARCH_PATHS = "$(inherited) @executable_path/Frameworks @loader_path/Frameworks";
				PRODUCT_BUNDLE_IDENTIFIER = vinod.test2UITests;
				PRODUCT_NAME = "$(TARGET_NAME)";
				TEST_TARGET_NAME = test2;
			};
			name = Release;
		};
/* End XCBuildConfiguration section */

/* Begin XCConfigurationList section */
		8468848F1CC0B2CB00E6B447 /* Build configuration list for PBXProject "test2" */ = {
			isa = XCConfigurationList;
			buildConfigurations = (
				846884C21CC0B2CB00E6B447 /* Debug */,
				846884C31CC0B2CB00E6B447 /* Release */,
			);
			defaultConfigurationIsVisible = 0;
			defaultConfigurationName = Release;
		};
		846884C41CC0B2CB00E6B447 /* Build configuration list for PBXNativeTarget "test2" */ = {
			isa = XCConfigurationList;
			buildConfigurations = (
				846884C51CC0B2CB00E6B447 /* Debug */,
				846884C61CC0B2CB00E6B447 /* Release */,
			);
			defaultConfigurationIsVisible = 0;
		};
		846884C71CC0B2CB00E6B447 /* Build configuration list for PBXNativeTarget "test2Tests" */ = {
			isa = XCConfigurationList;
			buildConfigurations = (
				846884C81CC0B2CB00E6B447 /* Debug */,
				846884C91CC0B2CB00E6B447 /* Release */,
			);
			defaultConfigurationIsVisible = 0;
		};
		846884CA1CC0B2CB00E6B447 /* Build configuration list for PBXNativeTarget "test2UITests" */ = {
			isa = XCConfigurationList;
			buildConfigurations = (
				846884CB1CC0B2CB00E6B447 /* Debug */,
				846884CC1CC0B2CB00E6B447 /* Release */,
			);
			defaultConfigurationIsVisible = 0;
		};
/* End XCConfigurationList section */

/* Begin XCVersionGroup section */
		846884A31CC0B2CB00E6B447 /* test2.xcdatamodeld */ = {
			isa = XCVersionGroup;
			children = (
				846884A41CC0B2CB00E6B447 /* test2.xcdatamodel */,
			);
			currentVersion = 846884A41CC0B2CB00E6B447 /* test2.xcdatamodel */;
			path = test2.xcdatamodeld;
			sourceTree = "<group>";
			versionGroupType = wrapper.xcdatamodel;
		};
/* End XCVersionGroup section */
	};
	rootObject = 8468848C1CC0B2CB00E6B447 /* Project object */;
}
